
Microsoft Visual Studio Solution File, Format Version 12.00
# Visual Studio Version 17
VisualStudioVersion = 17.13.35919.96 d17.13
MinimumVisualStudioVersion = 10.0.40219.1
Project("{FAE04EC0-301F-11D3-BF4B-00C04F79EFBC}") = "Netcore.SyntaxParser.app", "Netcore.SyntaxParser.app\Netcore.SyntaxParser.app.csproj", "{8D9463D8-203D-41E3-8CA9-DBE9DB0001CA}"
EndProject
Global
	GlobalSection(SolutionConfigurationPlatforms) = preSolution
		Debug|Any CPU = Debug|Any CPU
		Release|Any CPU = Release|Any CPU
	EndGlobalSection
	GlobalSection(ProjectConfigurationPlatforms) = postSolution
		{8D9463D8-203D-41E3-8CA9-DBE9DB0001CA}.Debug|Any CPU.ActiveCfg = Debug|Any CPU
		{8D9463D8-203D-41E3-8CA9-DBE9DB0001CA}.Debug|Any CPU.Build.0 = Debug|Any CPU
		{8D9463D8-203D-41E3-8CA9-DBE9DB0001CA}.Release|Any CPU.ActiveCfg = Release|Any CPU
		{8D9463D8-203D-41E3-8CA9-DBE9DB0001CA}.Release|Any CPU.Build.0 = Release|Any CPU
	EndGlobalSection
	GlobalSection(SolutionProperties) = preSolution
		HideSolutionNode = FALSE
	EndGlobalSection
	GlobalSection(ExtensibilityGlobals) = postSolution
		SolutionGuid = {215FA403-F02B-4243-9E68-0EC3E0949535}
	EndGlobalSection
EndGlobal
